# This file is automatically @generated by Cargo.
# It is not intended for manual editing.
version = 4

[[package]]
name = "bianliang1"
version = "0.1.0"

[[package]]
name = "data1"
version = "0.1.0"

[[package]]
name = "error1"
version = "0.1.0"

[[package]]
name = "fanxing"
version = "0.1.0"

[[package]]
name = "hanshu1"
version = "0.1.0"

[[package]]
name = "hashmap1"
version = "0.1.0"

[[package]]
name = "lckz1"
version = "0.1.0"

[[package]]
name = "meiju1"
version = "0.1.0"

[[package]]
name = "qiepian1"
version = "0.1.0"

[[package]]
name = "shiyan1"
version = "0.1.0"

[[package]]
name = "string1"
version = "0.1.0"

[[package]]
name = "struct1"
version = "0.1.0"

[[package]]
name = "suoyou1"
version = "0.1.0"

[[package]]
name = "vec1"
version = "0.1.0"
